# This file is automatically @generated by Poetry 1.5.1 and should not be changed by hand.

[[package]]
name = "asgiref"
version = "3.7.2"
description = "ASGI specs, helper code, and adapters"
optional = false
python-versions = ">=3.7"
files = [
    {file = "asgiref-3.7.2-py3-none-any.whl", hash = "sha256:89b2ef2247e3b562a16eef663bc0e2e703ec6468e2fa8a5cd61cd449786d4f6e"},
    {file = "asgiref-3.7.2.tar.gz", hash = "sha256:9e0ce3aa93a819ba5b45120216b23878cf6e8525eb3848653452b4192b92afed"},
]

[package.extras]
tests = ["mypy (>=0.800)", "pytest", "pytest-asyncio"]

[[package]]
name = "auto-dataclass"
version = "0.1.6"
description = "The package, helps to automatically transform data to DTO (DataClass) object"
optional = false
python-versions = "*"
files = [
    {file = "auto_dataclass-0.1.6-py2.py3-none-any.whl", hash = "sha256:7109feb47a475f2fbc1bebf70daaa9c7b59314ca7f6fb6feed912d56808d950a"},
    {file = "auto_dataclass-0.1.6.tar.gz", hash = "sha256:bd843774d5964a32cdc86a16fb95f5744b21237e7b8edfd7a11acd9c0657c24b"},
]

[[package]]
name = "colorama"
version = "0.4.6"
description = "Cross-platform colored terminal text."
optional = false
python-versions = "!=3.0.*,!=3.1.*,!=3.2.*,!=3.3.*,!=3.4.*,!=3.5.*,!=3.6.*,>=2.7"
files = [
    {file = "colorama-0.4.6-py2.py3-none-any.whl", hash = "sha256:4f1d9991f5acc0ca119f9d443620b77f9d6b33703e51011c16baf57afb285fc6"},
    {file = "colorama-0.4.6.tar.gz", hash = "sha256:08695f5cb7ed6e0531a20572697297273c47b8cae5a63ffc6d6ed5c201be6e44"},
]

[[package]]
name = "dependency-injector"
version = "4.41.0"
description = "Dependency injection framework for Python"
optional = false
python-versions = "*"
files = [
    {file = "dependency-injector-4.41.0.tar.gz", hash = "sha256:939dfc657104bc3e66b67afd3fb2ebb0850c9a1e73d0d26066f2bbdd8735ff9c"},
    {file = "dependency_injector-4.41.0-cp310-cp310-macosx_10_9_x86_64.whl", hash = "sha256:a2381a251b04244125148298212550750e6e1403e9b2850cc62e0e829d050ad3"},
    {file = "dependency_injector-4.41.0-cp310-cp310-manylinux_2_17_aarch64.manylinux2014_aarch64.whl", hash = "sha256:75280dfa23f7c88e1bf56c3920d58a43516816de6f6ab2a6650bb8a0f27d5c2c"},
    {file = "dependency_injector-4.41.0-cp310-cp310-manylinux_2_17_x86_64.manylinux2014_x86_64.whl", hash = "sha256:63bfba21f8bff654a80e9b9d06dd6c43a442990b73bf89cd471314c11c541ec2"},
    {file = "dependency_injector-4.41.0-cp310-cp310-manylinux_2_5_i686.manylinux1_i686.manylinux_2_17_i686.manylinux2014_i686.whl", hash = "sha256:3535d06416251715b45f8412482b58ec1c6196a4a3baa207f947f0b03a7c4b44"},
    {file = "dependency_injector-4.41.0-cp310-cp310-musllinux_1_1_aarch64.whl", hash = "sha256:d09c08c944a25dabfb454238c1a889acd85102b93ae497de523bf9ab7947b28a"},
    {file = "dependency_injector-4.41.0-cp310-cp310-musllinux_1_1_i686.whl", hash = "sha256:586a0821720b15932addbefb00f7370fbcd5831d6ebbd6494d774b44ff96d23a"},
    {file = "dependency_injector-4.41.0-cp310-cp310-musllinux_1_1_x86_64.whl", hash = "sha256:7fa4970f12a3fc95d8796938b11c41276ad1ff4c447b0e589212eab3fc527a90"},
    {file = "dependency_injector-4.41.0-cp310-cp310-win32.whl", hash = "sha256:d557e40673de984f78dab13ebd68d27fbb2f16d7c4e3b663ea2fa2f9fae6765b"},
    {file = "dependency_injector-4.41.0-cp310-cp310-win_amd64.whl", hash = "sha256:3744c327d18408e74781bd6d8b7738745ee80ef89f2c8daecf9ebd098cb84972"},
    {file = "dependency_injector-4.41.0-cp311-cp311-macosx_10_9_x86_64.whl", hash = "sha256:89c67edffe7007cf33cee79ecbca38f48efcc2add5c280717af434db6c789377"},
    {file = "dependency_injector-4.41.0-cp311-cp311-manylinux_2_17_aarch64.manylinux2014_aarch64.whl", hash = "sha256:786f7aac592e191c9caafc47732161d807bad65c62f260cd84cd73c7e2d67d6d"},
    {file = "dependency_injector-4.41.0-cp311-cp311-manylinux_2_17_x86_64.manylinux2014_x86_64.whl", hash = "sha256:b8b61a15bc46a3aa7b29bd8a7384b650aa3a7ef943491e93c49a0540a0b3dda4"},
    {file = "dependency_injector-4.41.0-cp311-cp311-manylinux_2_5_i686.manylinux1_i686.manylinux_2_17_i686.manylinux2014_i686.whl", hash = "sha256:a4f113e5d4c3070973ad76e5bda7317e500abae6083d78689f0b6e37cf403abf"},
    {file = "dependency_injector-4.41.0-cp311-cp311-musllinux_1_1_aarch64.whl", hash = "sha256:5fa3ed8f0700e47a0e7363f949b4525ffa8277aa1c5b10ca5b41fce4dea61bb9"},
    {file = "dependency_injector-4.41.0-cp311-cp311-musllinux_1_1_i686.whl", hash = "sha256:05e15ea0f2b14c1127e8b0d1597fef13f98845679f63bf670ba12dbfc12a16ef"},
    {file = "dependency_injector-4.41.0-cp311-cp311-musllinux_1_1_x86_64.whl", hash = "sha256:3055b3fc47a0d6e5f27defb4166c0d37543a4967c279549b154afaf506ce6efc"},
    {file = "dependency_injector-4.41.0-cp311-cp311-win32.whl", hash = "sha256:37d5954026e3831663518d78bdf4be9c2dbfea691edcb73c813aa3093aa4363a"},
    {file = "dependency_injector-4.41.0-cp311-cp311-win_amd64.whl", hash = "sha256:f89a507e389b7e4d4892dd9a6f5f4da25849e24f73275478634ac594d621ab3f"},
    {file = "dependency_injector-4.41.0-cp36-cp36m-macosx_10_9_x86_64.whl", hash = "sha256:ac79f3c05747f9724bd56c06985e78331fc6c85eb50f3e3f1a35e0c60f9977e9"},
    {file = "dependency_injector-4.41.0-cp36-cp36m-manylinux_2_17_aarch64.manylinux2014_aarch64.whl", hash = "sha256:75e7a733b372db3144a34020c4233f6b94db2c6342d6d16bc5245b1b941ee2bd"},
    {file = "dependency_injector-4.41.0-cp36-cp36m-manylinux_2_17_x86_64.manylinux2014_x86_64.whl", hash = "sha256:40936d9384363331910abd59dd244158ec3572abf9d37322f15095315ac99893"},
    {file = "dependency_injector-4.41.0-cp36-cp36m-manylinux_2_5_i686.manylinux1_i686.manylinux_2_17_i686.manylinux2014_i686.whl", hash = "sha256:4a31d9d60be4b585585081109480cfb2ef564d3b851cb32a139bf8408411a93a"},
    {file = "dependency_injector-4.41.0-cp36-cp36m-musllinux_1_1_aarch64.whl", hash = "sha256:953bfac819d32dc72b963767589e0ed372e5e9e78b03fb6b89419d0500d34bbe"},
    {file = "dependency_injector-4.41.0-cp36-cp36m-musllinux_1_1_i686.whl", hash = "sha256:8f0090ff14038f17a026ca408a3a0b0e7affb6aa7498b2b59d670f40ac970fbe"},
    {file = "dependency_injector-4.41.0-cp36-cp36m-musllinux_1_1_x86_64.whl", hash = "sha256:6b29abac56ce347d2eb58a560723e1663ee2125cf5cc38866ed92b84319927ec"},
    {file = "dependency_injector-4.41.0-cp36-cp36m-win32.whl", hash = "sha256:059fbb48333148143e8667a5323d162628dfe27c386bd0ed3deeecfc390338bf"},
    {file = "dependency_injector-4.41.0-cp36-cp36m-win_amd64.whl", hash = "sha256:16de2797dcfcc2263b8672bf0751166f7c7b369ca2ff9246ceb67b65f8e1d802"},
    {file = "dependency_injector-4.41.0-cp37-cp37m-macosx_10_9_x86_64.whl", hash = "sha256:c71d30b6708438050675f338edb9a25bea6c258478dbe5ec8405286756a2d347"},
    {file = "dependency_injector-4.41.0-cp37-cp37m-manylinux_2_17_aarch64.manylinux2014_aarch64.whl", hash = "sha256:d283aee588a72072439e6721cb64aa6cba5bc18c576ef0ab28285a6ec7a9d655"},
    {file = "dependency_injector-4.41.0-cp37-cp37m-manylinux_2_17_x86_64.manylinux2014_x86_64.whl", hash = "sha256:bc852da612c7e347f2fcf921df2eca2718697a49f648a28a63db3ab504fd9510"},
    {file = "dependency_injector-4.41.0-cp37-cp37m-manylinux_2_5_i686.manylinux1_i686.manylinux_2_17_i686.manylinux2014_i686.whl", hash = "sha256:02620454ee8101f77a317f3229935ce687480883d72a40858ff4b0c87c935cce"},
    {file = "dependency_injector-4.41.0-cp37-cp37m-musllinux_1_1_aarch64.whl", hash = "sha256:7a92680bea1c260e5c0d2d6cd60b0c913cba76a456a147db5ac047ecfcfcc758"},
    {file = "dependency_injector-4.41.0-cp37-cp37m-musllinux_1_1_i686.whl", hash = "sha256:168334cba3f1cbf55299ef38f0f2e31879115cc767b780c859f7814a52d80abb"},
    {file = "dependency_injector-4.41.0-cp37-cp37m-musllinux_1_1_x86_64.whl", hash = "sha256:48b6886a87b4ceb9b9f78550f77b2a5c7d2ce33bc83efd886556ad468cc9c85a"},
    {file = "dependency_injector-4.41.0-cp37-cp37m-win32.whl", hash = "sha256:87be84084a1b922c4ba15e2e5aa900ee24b78a5467997cb7aec0a1d6cdb4a00b"},
    {file = "dependency_injector-4.41.0-cp37-cp37m-win_amd64.whl", hash = "sha256:8b8cf1c6c56f5c18bdbd9f5e93b52ca29cb4d99606d4056e91f0c761eef496dc"},
    {file = "dependency_injector-4.41.0-cp38-cp38-macosx_10_9_x86_64.whl", hash = "sha256:a8686fa330c83251c75c8238697686f7a0e0f6d40658538089165dc72df9bcff"},
    {file = "dependency_injector-4.41.0-cp38-cp38-manylinux_2_17_aarch64.manylinux2014_aarch64.whl", hash = "sha256:8d670a844268dcd758195e58e9a5b39fc74bb8648aba99a13135a4a10ec9cfac"},
    {file = "dependency_injector-4.41.0-cp38-cp38-manylinux_2_17_x86_64.manylinux2014_x86_64.whl", hash = "sha256:9e3b9d41e0eff4c8e16fea1e33de66ff0030fe51137ca530f3c52ce110447914"},
    {file = "dependency_injector-4.41.0-cp38-cp38-manylinux_2_5_i686.manylinux1_i686.manylinux_2_17_i686.manylinux2014_i686.whl", hash = "sha256:33a724e0a737baadb4378f5dc1b079867cc3a88552fcca719b3dba84716828b2"},
    {file = "dependency_injector-4.41.0-cp38-cp38-musllinux_1_1_aarch64.whl", hash = "sha256:3588bd887b051d16b8bcabaae1127eb14059a0719a8fe34c8a75ba59321b352c"},
    {file = "dependency_injector-4.41.0-cp38-cp38-musllinux_1_1_i686.whl", hash = "sha256:409441122f40e1b4b8582845fdd76deb9dc5c9d6eb74a057b85736ef9e9c671f"},
    {file = "dependency_injector-4.41.0-cp38-cp38-musllinux_1_1_x86_64.whl", hash = "sha256:7dcba8665cafec825b7095d5dd80afb5cf14404450eca3fe8b66e1edbf4dbc10"},
    {file = "dependency_injector-4.41.0-cp38-cp38-win32.whl", hash = "sha256:8b51efeaebacaf79ef68edfc65e9687699ccffb3538c4a3ab30d0d77e2db7189"},
    {file = "dependency_injector-4.41.0-cp38-cp38-win_amd64.whl", hash = "sha256:1662e2ef60ac6e681b9e11b5d8b7c17a0f733688916cf695f9540f8f50a61b1e"},
    {file = "dependency_injector-4.41.0-cp39-cp39-macosx_10_9_x86_64.whl", hash = "sha256:51217cb384b468d7cc355544cec20774859f00812f9a1a71ed7fa701c957b2a7"},
    {file = "dependency_injector-4.41.0-cp39-cp39-manylinux_2_17_aarch64.manylinux2014_aarch64.whl", hash = "sha256:b3890a12423ae3a9eade035093beba487f8d092ee6c6cb8706f4e7080a56e819"},
    {file = "dependency_injector-4.41.0-cp39-cp39-manylinux_2_17_x86_64.manylinux2014_x86_64.whl", hash = "sha256:99ed73b1521bf249e2823a08a730c9f9413a58f4b4290da022e0ad4fb333ba3d"},
    {file = "dependency_injector-4.41.0-cp39-cp39-manylinux_2_5_i686.manylinux1_i686.manylinux_2_17_i686.manylinux2014_i686.whl", hash = "sha256:300838e9d4f3fbf539892a5a4072851728e23b37a1f467afcf393edd994d88f0"},
    {file = "dependency_injector-4.41.0-cp39-cp39-musllinux_1_1_aarch64.whl", hash = "sha256:56d37b9d2f50a18f059d9abdbea7669a7518bd42b81603c21a27910a2b3f1657"},
    {file = "dependency_injector-4.41.0-cp39-cp39-musllinux_1_1_i686.whl", hash = "sha256:4a44ca3ce5867513a70b31855b218be3d251f5068ce1c480cc3a4ad24ffd3280"},
    {file = "dependency_injector-4.41.0-cp39-cp39-musllinux_1_1_x86_64.whl", hash = "sha256:67b369592c57549ccdcad0d5fef1ddb9d39af7fed8083d76e789ab0111fc6389"},
    {file = "dependency_injector-4.41.0-cp39-cp39-win32.whl", hash = "sha256:740a8e8106a04d3f44b52b25b80570fdac96a8a3934423de7c9202c5623e7936"},
    {file = "dependency_injector-4.41.0-cp39-cp39-win_amd64.whl", hash = "sha256:22b11dbf696e184f0b3d5ac4e5418aeac3c379ba4ea758c04a83869b7e5d1cbf"},
    {file = "dependency_injector-4.41.0-pp37-pypy37_pp73-macosx_10_9_x86_64.whl", hash = "sha256:b365a8548e9a49049fa6acb24d3cd939f619eeb8e300ca3e156e44402dcc07ec"},
    {file = "dependency_injector-4.41.0-pp37-pypy37_pp73-manylinux_2_17_aarch64.manylinux2014_aarch64.whl", hash = "sha256:5168dc59808317dc4cdd235aa5d7d556d33e5600156acaf224cead236b48a3e8"},
    {file = "dependency_injector-4.41.0-pp37-pypy37_pp73-manylinux_2_5_i686.manylinux1_i686.manylinux_2_17_i686.manylinux2014_i686.whl", hash = "sha256:e3229d83e99e255451605d5276604386e06ad948e3d60f31ddd796781c77f76f"},
    {file = "dependency_injector-4.41.0-pp37-pypy37_pp73-manylinux_2_5_x86_64.manylinux1_x86_64.manylinux_2_17_x86_64.manylinux2014_x86_64.whl", hash = "sha256:1baee908f21190bdc46a65ce4c417a5175e9397ca62354928694fce218f84487"},
    {file = "dependency_injector-4.41.0-pp37-pypy37_pp73-win_amd64.whl", hash = "sha256:b37f36ecb0c1227f697e1d4a029644e3eda8dd0f0716aa63ad04d96dbb15bbbb"},
    {file = "dependency_injector-4.41.0-pp38-pypy38_pp73-macosx_10_9_x86_64.whl", hash = "sha256:b0c9c966ff66c77364a2d43d08de9968aff7e3903938fe912ba49796b2133344"},
    {file = "dependency_injector-4.41.0-pp38-pypy38_pp73-manylinux_2_17_aarch64.manylinux2014_aarch64.whl", hash = "sha256:12e91ac0333e7e589421943ff6c6bf9cf0d9ac9703301cec37ccff3723406332"},
    {file = "dependency_injector-4.41.0-pp38-pypy38_pp73-manylinux_2_5_i686.manylinux1_i686.manylinux_2_17_i686.manylinux2014_i686.whl", hash = "sha256:b2440b32474d4e747209528ca3ae48f42563b2fbe3d74dbfe949c11dfbfef7c4"},
    {file = "dependency_injector-4.41.0-pp38-pypy38_pp73-manylinux_2_5_x86_64.manylinux1_x86_64.manylinux_2_17_x86_64.manylinux2014_x86_64.whl", hash = "sha256:54032d62610cf2f4421c9d92cef52957215aaa0bca403cda580c58eb3f726eda"},
    {file = "dependency_injector-4.41.0-pp38-pypy38_pp73-win_amd64.whl", hash = "sha256:76b94c8310929e54136f3cb3de3adc86d1a657b3984299f40bf1cd2ba0bae548"},
    {file = "dependency_injector-4.41.0-pp39-pypy39_pp73-macosx_10_9_x86_64.whl", hash = "sha256:6ee9810841c6e0599356cb884d16453bfca6ab739d0e4f0248724ed8f9ee0d79"},
    {file = "dependency_injector-4.41.0-pp39-pypy39_pp73-manylinux_2_17_aarch64.manylinux2014_aarch64.whl", hash = "sha256:6b98945edae88e777091bf0848f869fb94bd76dfa4066d7c870a5caa933391d0"},
    {file = "dependency_injector-4.41.0-pp39-pypy39_pp73-manylinux_2_5_i686.manylinux1_i686.manylinux_2_17_i686.manylinux2014_i686.whl", hash = "sha256:a2dee5d4abdd21f1a30a51d46645c095be9dcc404c7c6e9f81d0a01415a49e64"},
    {file = "dependency_injector-4.41.0-pp39-pypy39_pp73-manylinux_2_5_x86_64.manylinux1_x86_64.manylinux_2_17_x86_64.manylinux2014_x86_64.whl", hash = "sha256:d03f5fa0fa98a18bd0dfce846db80e2798607f0b861f1f99c97f441f7669d7a2"},
    {file = "dependency_injector-4.41.0-pp39-pypy39_pp73-win_amd64.whl", hash = "sha256:f2842e15bae664a9f69932e922b02afa055c91efec959cb1896f6c499bf68180"},
]

[package.dependencies]
six = ">=1.7.0,<=1.16.0"

[package.extras]
aiohttp = ["aiohttp"]
flask = ["flask"]
pydantic = ["pydantic"]
yaml = ["pyyaml"]

[[package]]
name = "django"
version = "5.0"
description = "A high-level Python web framework that encourages rapid development and clean, pragmatic design."
optional = false
python-versions = ">=3.10"
files = [
    {file = "Django-5.0-py3-none-any.whl", hash = "sha256:3a9fd52b8dbeae335ddf4a9dfa6c6a0853a1122f1fb071a8d5eca979f73a05c8"},
    {file = "Django-5.0.tar.gz", hash = "sha256:7d29e14dfbc19cb6a95a4bd669edbde11f5d4c6a71fdaa42c2d40b6846e807f7"},
]

[package.dependencies]
asgiref = ">=3.7.0"
sqlparse = ">=0.3.1"
tzdata = {version = "*", markers = "sys_platform == \"win32\""}

[package.extras]
argon2 = ["argon2-cffi (>=19.1.0)"]
bcrypt = ["bcrypt"]

[[package]]
name = "django-annoying"
version = "0.10.6"
description = "This is a django application that tries to eliminate annoying things in the Django framework."
optional = false
python-versions = "*"
files = [
    {file = "django-annoying-0.10.6.tar.gz", hash = "sha256:083b5e26f140f86178fcb47931f69b7ff75181ccd1e318d9c218ae9babc1805e"},
    {file = "django_annoying-0.10.6-py2.py3-none-any.whl", hash = "sha256:e230f28fec0559b4fdb621ff202068a78170ada2ac1ec7a73ba822cc1f737791"},
]

[package.dependencies]
Django = ">=1.11"
six = "*"

[[package]]
name = "djangorestframework"
version = "3.14.0"
description = "Web APIs for Django, made easy."
optional = false
python-versions = ">=3.6"
files = [
    {file = "djangorestframework-3.14.0-py3-none-any.whl", hash = "sha256:eb63f58c9f218e1a7d064d17a70751f528ed4e1d35547fdade9aaf4cd103fd08"},
    {file = "djangorestframework-3.14.0.tar.gz", hash = "sha256:579a333e6256b09489cbe0a067e66abe55c6595d8926be6b99423786334350c8"},
]

[package.dependencies]
django = ">=3.0"
pytz = "*"

[[package]]
name = "flake8"
version = "6.1.0"
description = "the modular source code checker: pep8 pyflakes and co"
optional = false
python-versions = ">=3.8.1"
files = [
    {file = "flake8-6.1.0-py2.py3-none-any.whl", hash = "sha256:ffdfce58ea94c6580c77888a86506937f9a1a227dfcd15f245d694ae20a6b6e5"},
    {file = "flake8-6.1.0.tar.gz", hash = "sha256:d5b3857f07c030bdb5bf41c7f53799571d75c4491748a3adcd47de929e34cd23"},
]

[package.dependencies]
mccabe = ">=0.7.0,<0.8.0"
pycodestyle = ">=2.11.0,<2.12.0"
pyflakes = ">=3.1.0,<3.2.0"

[[package]]
name = "iniconfig"
version = "2.0.0"
description = "brain-dead simple config-ini parsing"
optional = false
python-versions = ">=3.7"
files = [
    {file = "iniconfig-2.0.0-py3-none-any.whl", hash = "sha256:b6a85871a79d2e3b22d2d1b94ac2824226a63c6b741c88f7ae975f18b6778374"},
    {file = "iniconfig-2.0.0.tar.gz", hash = "sha256:2d91e135bf72d31a410b17c16da610a82cb55f6b0477d1a902134b24a455b8b3"},
]

[[package]]
name = "mccabe"
version = "0.7.0"
description = "McCabe checker, plugin for flake8"
optional = false
python-versions = ">=3.6"
files = [
    {file = "mccabe-0.7.0-py2.py3-none-any.whl", hash = "sha256:6c2d30ab6be0e4a46919781807b4f0d834ebdd6c6e3dca0bda5a15f863427b6e"},
    {file = "mccabe-0.7.0.tar.gz", hash = "sha256:348e0240c33b60bbdf4e523192ef919f28cb2c3d7d5c7794f74009290f236325"},
]

[[package]]
name = "packaging"
version = "23.2"
description = "Core utilities for Python packages"
optional = false
python-versions = ">=3.7"
files = [
    {file = "packaging-23.2-py3-none-any.whl", hash = "sha256:8c491190033a9af7e1d931d0b5dacc2ef47509b34dd0de67ed209b5203fc88c7"},
    {file = "packaging-23.2.tar.gz", hash = "sha256:048fb0e9405036518eaaf48a55953c750c11e1a1b68e0dd1a9d62ed0c092cfc5"},
]

[[package]]
name = "pluggy"
version = "1.3.0"
description = "plugin and hook calling mechanisms for python"
optional = false
python-versions = ">=3.8"
files = [
    {file = "pluggy-1.3.0-py3-none-any.whl", hash = "sha256:d89c696a773f8bd377d18e5ecda92b7a3793cbe66c87060a6fb58c7b6e1061f7"},
    {file = "pluggy-1.3.0.tar.gz", hash = "sha256:cf61ae8f126ac6f7c451172cf30e3e43d3ca77615509771b3a984a0730651e12"},
]

[package.extras]
dev = ["pre-commit", "tox"]
testing = ["pytest", "pytest-benchmark"]

[[package]]
name = "psycopg2-binary"
version = "2.9.9"
description = "psycopg2 - Python-PostgreSQL Database Adapter"
optional = false
python-versions = ">=3.7"
files = [
    {file = "psycopg2-binary-2.9.9.tar.gz", hash = "sha256:7f01846810177d829c7692f1f5ada8096762d9172af1b1a28d4ab5b77c923c1c"},
    {file = "psycopg2_binary-2.9.9-cp310-cp310-macosx_10_9_x86_64.whl", hash = "sha256:c2470da5418b76232f02a2fcd2229537bb2d5a7096674ce61859c3229f2eb202"},
    {file = "psycopg2_binary-2.9.9-cp310-cp310-macosx_11_0_arm64.whl", hash = "sha256:c6af2a6d4b7ee9615cbb162b0738f6e1fd1f5c3eda7e5da17861eacf4c717ea7"},
    {file = "psycopg2_binary-2.9.9-cp310-cp310-manylinux_2_17_aarch64.manylinux2014_aarch64.whl", hash = "sha256:75723c3c0fbbf34350b46a3199eb50638ab22a0228f93fb472ef4d9becc2382b"},
    {file = "psycopg2_binary-2.9.9-cp310-cp310-manylinux_2_17_i686.manylinux2014_i686.whl", hash = "sha256:83791a65b51ad6ee6cf0845634859d69a038ea9b03d7b26e703f94c7e93dbcf9"},
    {file = "psycopg2_binary-2.9.9-cp310-cp310-manylinux_2_17_ppc64le.manylinux2014_ppc64le.whl", hash = "sha256:0ef4854e82c09e84cc63084a9e4ccd6d9b154f1dbdd283efb92ecd0b5e2b8c84"},
    {file = "psycopg2_binary-2.9.9-cp310-cp310-manylinux_2_17_x86_64.manylinux2014_x86_64.whl", hash = "sha256:ed1184ab8f113e8d660ce49a56390ca181f2981066acc27cf637d5c1e10ce46e"},
    {file = "psycopg2_binary-2.9.9-cp310-cp310-musllinux_1_1_aarch64.whl", hash = "sha256:d2997c458c690ec2bc6b0b7ecbafd02b029b7b4283078d3b32a852a7ce3ddd98"},
    {file = "psycopg2_binary-2.9.9-cp310-cp310-musllinux_1_1_i686.whl", hash = "sha256:b58b4710c7f4161b5e9dcbe73bb7c62d65670a87df7bcce9e1faaad43e715245"},
    {file = "psycopg2_binary-2.9.9-cp310-cp310-musllinux_1_1_ppc64le.whl", hash = "sha256:0c009475ee389757e6e34611d75f6e4f05f0cf5ebb76c6037508318e1a1e0d7e"},
    {file = "psycopg2_binary-2.9.9-cp310-cp310-musllinux_1_1_x86_64.whl", hash = "sha256:8dbf6d1bc73f1d04ec1734bae3b4fb0ee3cb2a493d35ede9badbeb901fb40f6f"},
    {file = "psycopg2_binary-2.9.9-cp310-cp310-win32.whl", hash = "sha256:3f78fd71c4f43a13d342be74ebbc0666fe1f555b8837eb113cb7416856c79682"},
    {file = "psycopg2_binary-2.9.9-cp310-cp310-win_amd64.whl", hash = "sha256:876801744b0dee379e4e3c38b76fc89f88834bb15bf92ee07d94acd06ec890a0"},
    {file = "psycopg2_binary-2.9.9-cp311-cp311-macosx_10_9_x86_64.whl", hash = "sha256:ee825e70b1a209475622f7f7b776785bd68f34af6e7a46e2e42f27b659b5bc26"},
    {file = "psycopg2_binary-2.9.9-cp311-cp311-macosx_11_0_arm64.whl", hash = "sha256:1ea665f8ce695bcc37a90ee52de7a7980be5161375d42a0b6c6abedbf0d81f0f"},
    {file = "psycopg2_binary-2.9.9-cp311-cp311-manylinux_2_17_aarch64.manylinux2014_aarch64.whl", hash = "sha256:143072318f793f53819048fdfe30c321890af0c3ec7cb1dfc9cc87aa88241de2"},
    {file = "psycopg2_binary-2.9.9-cp311-cp311-manylinux_2_17_i686.manylinux2014_i686.whl", hash = "sha256:c332c8d69fb64979ebf76613c66b985414927a40f8defa16cf1bc028b7b0a7b0"},
    {file = "psycopg2_binary-2.9.9-cp311-cp311-manylinux_2_17_ppc64le.manylinux2014_ppc64le.whl", hash = "sha256:f7fc5a5acafb7d6ccca13bfa8c90f8c51f13d8fb87d95656d3950f0158d3ce53"},
    {file = "psycopg2_binary-2.9.9-cp311-cp311-manylinux_2_17_x86_64.manylinux2014_x86_64.whl", hash = "sha256:977646e05232579d2e7b9c59e21dbe5261f403a88417f6a6512e70d3f8a046be"},
    {file = "psycopg2_binary-2.9.9-cp311-cp311-musllinux_1_1_aarch64.whl", hash = "sha256:b6356793b84728d9d50ead16ab43c187673831e9d4019013f1402c41b1db9b27"},
    {file = "psycopg2_binary-2.9.9-cp311-cp311-musllinux_1_1_i686.whl", hash = "sha256:bc7bb56d04601d443f24094e9e31ae6deec9ccb23581f75343feebaf30423359"},
    {file = "psycopg2_binary-2.9.9-cp311-cp311-musllinux_1_1_ppc64le.whl", hash = "sha256:77853062a2c45be16fd6b8d6de2a99278ee1d985a7bd8b103e97e41c034006d2"},
    {file = "psycopg2_binary-2.9.9-cp311-cp311-musllinux_1_1_x86_64.whl", hash = "sha256:78151aa3ec21dccd5cdef6c74c3e73386dcdfaf19bced944169697d7ac7482fc"},
    {file = "psycopg2_binary-2.9.9-cp311-cp311-win32.whl", hash = "sha256:dc4926288b2a3e9fd7b50dc6a1909a13bbdadfc67d93f3374d984e56f885579d"},
    {file = "psycopg2_binary-2.9.9-cp311-cp311-win_amd64.whl", hash = "sha256:b76bedd166805480ab069612119ea636f5ab8f8771e640ae103e05a4aae3e417"},
    {file = "psycopg2_binary-2.9.9-cp312-cp312-macosx_10_9_x86_64.whl", hash = "sha256:8532fd6e6e2dc57bcb3bc90b079c60de896d2128c5d9d6f24a63875a95a088cf"},
    {file = "psycopg2_binary-2.9.9-cp312-cp312-macosx_11_0_arm64.whl", hash = "sha256:b0605eaed3eb239e87df0d5e3c6489daae3f7388d455d0c0b4df899519c6a38d"},
    {file = "psycopg2_binary-2.9.9-cp312-cp312-manylinux_2_17_aarch64.manylinux2014_aarch64.whl", hash = "sha256:8f8544b092a29a6ddd72f3556a9fcf249ec412e10ad28be6a0c0d948924f2212"},
    {file = "psycopg2_binary-2.9.9-cp312-cp312-manylinux_2_17_i686.manylinux2014_i686.whl", hash = "sha256:2d423c8d8a3c82d08fe8af900ad5b613ce3632a1249fd6a223941d0735fce493"},
    {file = "psycopg2_binary-2.9.9-cp312-cp312-manylinux_2_17_ppc64le.manylinux2014_ppc64le.whl", hash = "sha256:2e5afae772c00980525f6d6ecf7cbca55676296b580c0e6abb407f15f3706996"},
    {file = "psycopg2_binary-2.9.9-cp312-cp312-manylinux_2_17_x86_64.manylinux2014_x86_64.whl", hash = "sha256:6e6f98446430fdf41bd36d4faa6cb409f5140c1c2cf58ce0bbdaf16af7d3f119"},
    {file = "psycopg2_binary-2.9.9-cp312-cp312-musllinux_1_1_aarch64.whl", hash = "sha256:c77e3d1862452565875eb31bdb45ac62502feabbd53429fdc39a1cc341d681ba"},
    {file = "psycopg2_binary-2.9.9-cp312-cp312-musllinux_1_1_i686.whl", hash = "sha256:cb16c65dcb648d0a43a2521f2f0a2300f40639f6f8c1ecbc662141e4e3e1ee07"},
    {file = "psycopg2_binary-2.9.9-cp312-cp312-musllinux_1_1_ppc64le.whl", hash = "sha256:911dda9c487075abd54e644ccdf5e5c16773470a6a5d3826fda76699410066fb"},
    {file = "psycopg2_binary-2.9.9-cp312-cp312-musllinux_1_1_x86_64.whl", hash = "sha256:57fede879f08d23c85140a360c6a77709113efd1c993923c59fde17aa27599fe"},
    {file = "psycopg2_binary-2.9.9-cp312-cp312-win32.whl", hash = "sha256:64cf30263844fa208851ebb13b0732ce674d8ec6a0c86a4e160495d299ba3c93"},
    {file = "psycopg2_binary-2.9.9-cp312-cp312-win_amd64.whl", hash = "sha256:81ff62668af011f9a48787564ab7eded4e9fb17a4a6a74af5ffa6a457400d2ab"},
    {file = "psycopg2_binary-2.9.9-cp37-cp37m-macosx_10_9_x86_64.whl", hash = "sha256:2293b001e319ab0d869d660a704942c9e2cce19745262a8aba2115ef41a0a42a"},
    {file = "psycopg2_binary-2.9.9-cp37-cp37m-manylinux_2_17_aarch64.manylinux2014_aarch64.whl", hash = "sha256:03ef7df18daf2c4c07e2695e8cfd5ee7f748a1d54d802330985a78d2a5a6dca9"},
    {file = "psycopg2_binary-2.9.9-cp37-cp37m-manylinux_2_17_i686.manylinux2014_i686.whl", hash = "sha256:0a602ea5aff39bb9fac6308e9c9d82b9a35c2bf288e184a816002c9fae930b77"},
    {file = "psycopg2_binary-2.9.9-cp37-cp37m-manylinux_2_17_ppc64le.manylinux2014_ppc64le.whl", hash = "sha256:8359bf4791968c5a78c56103702000105501adb557f3cf772b2c207284273984"},
    {file = "psycopg2_binary-2.9.9-cp37-cp37m-manylinux_2_17_x86_64.manylinux2014_x86_64.whl", hash = "sha256:275ff571376626195ab95a746e6a04c7df8ea34638b99fc11160de91f2fef503"},
    {file = "psycopg2_binary-2.9.9-cp37-cp37m-musllinux_1_1_aarch64.whl", hash = "sha256:f9b5571d33660d5009a8b3c25dc1db560206e2d2f89d3df1cb32d72c0d117d52"},
    {file = "psycopg2_binary-2.9.9-cp37-cp37m-musllinux_1_1_i686.whl", hash = "sha256:420f9bbf47a02616e8554e825208cb947969451978dceb77f95ad09c37791dae"},
    {file = "psycopg2_binary-2.9.9-cp37-cp37m-musllinux_1_1_ppc64le.whl", hash = "sha256:4154ad09dac630a0f13f37b583eae260c6aa885d67dfbccb5b02c33f31a6d420"},
    {file = "psycopg2_binary-2.9.9-cp37-cp37m-musllinux_1_1_x86_64.whl", hash = "sha256:a148c5d507bb9b4f2030a2025c545fccb0e1ef317393eaba42e7eabd28eb6041"},
    {file = "psycopg2_binary-2.9.9-cp37-cp37m-win32.whl", hash = "sha256:68fc1f1ba168724771e38bee37d940d2865cb0f562380a1fb1ffb428b75cb692"},
    {file = "psycopg2_binary-2.9.9-cp37-cp37m-win_amd64.whl", hash = "sha256:281309265596e388ef483250db3640e5f414168c5a67e9c665cafce9492eda2f"},
    {file = "psycopg2_binary-2.9.9-cp38-cp38-macosx_10_9_x86_64.whl", hash = "sha256:60989127da422b74a04345096c10d416c2b41bd7bf2a380eb541059e4e999980"},
    {file = "psycopg2_binary-2.9.9-cp38-cp38-macosx_11_0_arm64.whl", hash = "sha256:246b123cc54bb5361588acc54218c8c9fb73068bf227a4a531d8ed56fa3ca7d6"},
    {file = "psycopg2_binary-2.9.9-cp38-cp38-manylinux_2_17_aarch64.manylinux2014_aarch64.whl", hash = "sha256:34eccd14566f8fe14b2b95bb13b11572f7c7d5c36da61caf414d23b91fcc5d94"},
    {file = "psycopg2_binary-2.9.9-cp38-cp38-manylinux_2_17_i686.manylinux2014_i686.whl", hash = "sha256:18d0ef97766055fec15b5de2c06dd8e7654705ce3e5e5eed3b6651a1d2a9a152"},
    {file = "psycopg2_binary-2.9.9-cp38-cp38-manylinux_2_17_ppc64le.manylinux2014_ppc64le.whl", hash = "sha256:d3f82c171b4ccd83bbaf35aa05e44e690113bd4f3b7b6cc54d2219b132f3ae55"},
    {file = "psycopg2_binary-2.9.9-cp38-cp38-manylinux_2_17_x86_64.manylinux2014_x86_64.whl", hash = "sha256:ead20f7913a9c1e894aebe47cccf9dc834e1618b7aa96155d2091a626e59c972"},
    {file = "psycopg2_binary-2.9.9-cp38-cp38-musllinux_1_1_aarch64.whl", hash = "sha256:ca49a8119c6cbd77375ae303b0cfd8c11f011abbbd64601167ecca18a87e7cdd"},
    {file = "psycopg2_binary-2.9.9-cp38-cp38-musllinux_1_1_i686.whl", hash = "sha256:323ba25b92454adb36fa425dc5cf6f8f19f78948cbad2e7bc6cdf7b0d7982e59"},
    {file = "psycopg2_binary-2.9.9-cp38-cp38-musllinux_1_1_ppc64le.whl", hash = "sha256:1236ed0952fbd919c100bc839eaa4a39ebc397ed1c08a97fc45fee2a595aa1b3"},
    {file = "psycopg2_binary-2.9.9-cp38-cp38-musllinux_1_1_x86_64.whl", hash = "sha256:729177eaf0aefca0994ce4cffe96ad3c75e377c7b6f4efa59ebf003b6d398716"},
    {file = "psycopg2_binary-2.9.9-cp38-cp38-win32.whl", hash = "sha256:804d99b24ad523a1fe18cc707bf741670332f7c7412e9d49cb5eab67e886b9b5"},
    {file = "psycopg2_binary-2.9.9-cp38-cp38-win_amd64.whl", hash = "sha256:a6cdcc3ede532f4a4b96000b6362099591ab4a3e913d70bcbac2b56c872446f7"},
    {file = "psycopg2_binary-2.9.9-cp39-cp39-macosx_10_9_x86_64.whl", hash = "sha256:72dffbd8b4194858d0941062a9766f8297e8868e1dd07a7b36212aaa90f49472"},
    {file = "psycopg2_binary-2.9.9-cp39-cp39-macosx_11_0_arm64.whl", hash = "sha256:30dcc86377618a4c8f3b72418df92e77be4254d8f89f14b8e8f57d6d43603c0f"},
    {file = "psycopg2_binary-2.9.9-cp39-cp39-manylinux_2_17_aarch64.manylinux2014_aarch64.whl", hash = "sha256:31a34c508c003a4347d389a9e6fcc2307cc2150eb516462a7a17512130de109e"},
    {file = "psycopg2_binary-2.9.9-cp39-cp39-manylinux_2_17_i686.manylinux2014_i686.whl", hash = "sha256:15208be1c50b99203fe88d15695f22a5bed95ab3f84354c494bcb1d08557df67"},
    {file = "psycopg2_binary-2.9.9-cp39-cp39-manylinux_2_17_ppc64le.manylinux2014_ppc64le.whl", hash = "sha256:1873aade94b74715be2246321c8650cabf5a0d098a95bab81145ffffa4c13876"},
    {file = "psycopg2_binary-2.9.9-cp39-cp39-manylinux_2_17_x86_64.manylinux2014_x86_64.whl", hash = "sha256:3a58c98a7e9c021f357348867f537017057c2ed7f77337fd914d0bedb35dace7"},
    {file = "psycopg2_binary-2.9.9-cp39-cp39-musllinux_1_1_aarch64.whl", hash = "sha256:4686818798f9194d03c9129a4d9a702d9e113a89cb03bffe08c6cf799e053291"},
    {file = "psycopg2_binary-2.9.9-cp39-cp39-musllinux_1_1_i686.whl", hash = "sha256:ebdc36bea43063116f0486869652cb2ed7032dbc59fbcb4445c4862b5c1ecf7f"},
    {file = "psycopg2_binary-2.9.9-cp39-cp39-musllinux_1_1_ppc64le.whl", hash = "sha256:ca08decd2697fdea0aea364b370b1249d47336aec935f87b8bbfd7da5b2ee9c1"},
    {file = "psycopg2_binary-2.9.9-cp39-cp39-musllinux_1_1_x86_64.whl", hash = "sha256:ac05fb791acf5e1a3e39402641827780fe44d27e72567a000412c648a85ba860"},
    {file = "psycopg2_binary-2.9.9-cp39-cp39-win32.whl", hash = "sha256:9dba73be7305b399924709b91682299794887cbbd88e38226ed9f6712eabee90"},
    {file = "psycopg2_binary-2.9.9-cp39-cp39-win_amd64.whl", hash = "sha256:f7ae5d65ccfbebdfa761585228eb4d0df3a8b15cfb53bd953e713e09fbb12957"},
]

[[package]]
name = "pycodestyle"
version = "2.11.1"
description = "Python style guide checker"
optional = false
python-versions = ">=3.8"
files = [
    {file = "pycodestyle-2.11.1-py2.py3-none-any.whl", hash = "sha256:44fe31000b2d866f2e41841b18528a505fbd7fef9017b04eff4e2648a0fadc67"},
    {file = "pycodestyle-2.11.1.tar.gz", hash = "sha256:41ba0e7afc9752dfb53ced5489e89f8186be00e599e712660695b7a75ff2663f"},
]

[[package]]
name = "pyflakes"
version = "3.1.0"
description = "passive checker of Python programs"
optional = false
python-versions = ">=3.8"
files = [
    {file = "pyflakes-3.1.0-py2.py3-none-any.whl", hash = "sha256:4132f6d49cb4dae6819e5379898f2b8cce3c5f23994194c24b77d5da2e36f774"},
    {file = "pyflakes-3.1.0.tar.gz", hash = "sha256:a0aae034c444db0071aa077972ba4768d40c830d9539fd45bf4cd3f8f6992efc"},
]

[[package]]
name = "pytest"
version = "7.4.3"
description = "pytest: simple powerful testing with Python"
optional = false
python-versions = ">=3.7"
files = [
    {file = "pytest-7.4.3-py3-none-any.whl", hash = "sha256:0d009c083ea859a71b76adf7c1d502e4bc170b80a8ef002da5806527b9591fac"},
    {file = "pytest-7.4.3.tar.gz", hash = "sha256:d989d136982de4e3b29dabcc838ad581c64e8ed52c11fbe86ddebd9da0818cd5"},
]

[package.dependencies]
colorama = {version = "*", markers = "sys_platform == \"win32\""}
iniconfig = "*"
packaging = "*"
pluggy = ">=0.12,<2.0"

[package.extras]
testing = ["argcomplete", "attrs (>=19.2.0)", "hypothesis (>=3.56)", "mock", "nose", "pygments (>=2.7.2)", "requests", "setuptools", "xmlschema"]

[[package]]
name = "pytest-django"
version = "4.7.0"
description = "A Django plugin for pytest."
optional = false
python-versions = ">=3.8"
files = [
    {file = "pytest-django-4.7.0.tar.gz", hash = "sha256:92d6fd46b1d79b54fb6b060bbb39428073396cec717d5f2e122a990d4b6aa5e8"},
    {file = "pytest_django-4.7.0-py3-none-any.whl", hash = "sha256:4e1c79d5261ade2dd58d91208017cd8f62cb4710b56e012ecd361d15d5d662a2"},
]

[package.dependencies]
pytest = ">=7.0.0"

[package.extras]
docs = ["sphinx", "sphinx-rtd-theme"]
testing = ["Django", "django-configurations (>=2.0)"]

[[package]]
name = "python-dotenv"
version = "1.0.0"
description = "Read key-value pairs from a .env file and set them as environment variables"
optional = false
python-versions = ">=3.8"
files = [
    {file = "python-dotenv-1.0.0.tar.gz", hash = "sha256:a8df96034aae6d2d50a4ebe8216326c61c3eb64836776504fcca410e5937a3ba"},
    {file = "python_dotenv-1.0.0-py3-none-any.whl", hash = "sha256:f5971a9226b701070a4bf2c38c89e5a3f0d64de8debda981d1db98583009122a"},
]

[package.extras]
cli = ["click (>=5.0)"]

[[package]]
name = "pytz"
version = "2023.3.post1"
description = "World timezone definitions, modern and historical"
optional = false
python-versions = "*"
files = [
    {file = "pytz-2023.3.post1-py2.py3-none-any.whl", hash = "sha256:ce42d816b81b68506614c11e8937d3aa9e41007ceb50bfdcb0749b921bf646c7"},
    {file = "pytz-2023.3.post1.tar.gz", hash = "sha256:7b4fddbeb94a1eba4b557da24f19fdf9db575192544270a9101d8509f9f43d7b"},
]

[[package]]
name = "six"
version = "1.16.0"
description = "Python 2 and 3 compatibility utilities"
optional = false
python-versions = ">=2.7, !=3.0.*, !=3.1.*, !=3.2.*"
files = [
    {file = "six-1.16.0-py2.py3-none-any.whl", hash = "sha256:8abb2f1d86890a2dfb989f9a77cfcfd3e47c2a354b01111771326f8aa26e0254"},
    {file = "six-1.16.0.tar.gz", hash = "sha256:1e61c37477a1626458e36f7b1d82aa5c9b094fa4802892072e49de9c60c4c926"},
]

[[package]]
name = "sqlparse"
version = "0.4.4"
description = "A non-validating SQL parser."
optional = false
python-versions = ">=3.5"
files = [
    {file = "sqlparse-0.4.4-py3-none-any.whl", hash = "sha256:5430a4fe2ac7d0f93e66f1efc6e1338a41884b7ddf2a350cedd20ccc4d9d28f3"},
    {file = "sqlparse-0.4.4.tar.gz", hash = "sha256:d446183e84b8349fa3061f0fe7f06ca94ba65b426946ffebe6e3e8295332420c"},
]

[package.extras]
dev = ["build", "flake8"]
doc = ["sphinx"]
test = ["pytest", "pytest-cov"]

[[package]]
name = "tzdata"
version = "2023.4"
description = "Provider of IANA time zone data"
optional = false
python-versions = ">=2"
files = [
    {file = "tzdata-2023.4-py2.py3-none-any.whl", hash = "sha256:aa3ace4329eeacda5b7beb7ea08ece826c28d761cda36e747cfbf97996d39bf3"},
    {file = "tzdata-2023.4.tar.gz", hash = "sha256:dd54c94f294765522c77399649b4fefd95522479a664a0cec87f41bebc6148c9"},
]

[metadata]
lock-version = "2.0"
python-versions = "^3.11"
content-hash = "3e9a6b54ee08cbd72543d8205302ce2f215d699518b5d9cd23a5180f80de241c"
